
Microsoft Visual Studio Solution File, Format Version 11.00
# Visual C++ Express 2010
Project("{8BC9CEB8-8B4A-11D0-8D11-00A0C91BC942}") = "clipper_test", "clipper_test.vcxproj", "{BF7A4D37-FD9A-F2F8-37CC-B1386631B18A}"
EndProject
Global
	GlobalSection(SolutionConfigurationPlatforms) = preSolution
		Debug|Win32 = Debug|Win32
		Release|Win32 = Release|Win32
	EndGlobalSection
	GlobalSection(ProjectConfigurationPlatforms) = postSolution
		{BF7A4D37-FD9A-F2F8-37CC-B1386631B18A}.Debug|Win32.ActiveCfg = Debug|Win32
		{BF7A4D37-FD9A-F2F8-37CC-B1386631B18A}.Debug|Win32.Build.0 = Debug|Win32
		{BF7A4D37-FD9A-F2F8-37CC-B1386631B18A}.Release|Win32.ActiveCfg = Release|Win32
		{BF7A4D37-FD9A-F2F8-37CC-B1386631B18A}.Release|Win32.Build.0 = Release|Win32
	EndGlobalSection
	GlobalSection(SolutionProperties) = preSolution
		HideSolutionNode = FALSE
	EndGlobalSection
EndGlobal
