// !$*UTF8*$!
{
	archiveVersion = 1;
	classes = {
	};
	objectVersion = 42;
	objects = {

/* Begin PBXBuildFile section */
		98244A330E3F5A5E0018E13A /* unit_test.cpp in Sources */ = {isa = PBXBuildFile; fileRef = 98FE7DCD0E224EC400B1E17F /* unit_test.cpp */; };
		98244A3F0E3F5AEE0018E13A /* lapack_svd_test.cpp in Sources */ = {isa = PBXBuildFile; fileRef = 98244A3B0E3F5AEE0018E13A /* lapack_svd_test.cpp */; };
		98244A400E3F5AEE0018E13A /* lapack_linear_least_squares_test.cpp in Sources */ = {isa = PBXBuildFile; fileRef = 98244A3D0E3F5AEE0018E13A /* lapack_linear_least_squares_test.cpp */; };
		98244A410E3F5AEE0018E13A /* lapack_svd_test.cpp in Sources */ = {isa = PBXBuildFile; fileRef = 98244A3B0E3F5AEE0018E13A /* lapack_svd_test.cpp */; };
		98244A420E3F5AEE0018E13A /* lapack_linear_least_squares_test.cpp in Sources */ = {isa = PBXBuildFile; fileRef = 98244A3D0E3F5AEE0018E13A /* lapack_linear_least_squares_test.cpp */; };
		98244A430E3F5AEE0018E13A /* lapack_svd_test.cpp in Sources */ = {isa = PBXBuildFile; fileRef = 98244A3B0E3F5AEE0018E13A /* lapack_svd_test.cpp */; };
		98244A440E3F5AEE0018E13A /* lapack_linear_least_squares_test.cpp in Sources */ = {isa = PBXBuildFile; fileRef = 98244A3D0E3F5AEE0018E13A /* lapack_linear_least_squares_test.cpp */; };
		98244C010E3F76930018E13A /* Accelerate.framework in Frameworks */ = {isa = PBXBuildFile; fileRef = 9839FE0E0E2BB16D00A16721 /* Accelerate.framework */; };
		9839FA240E2B5BBB00A16721 /* svd_test.cpp in Sources */ = {isa = PBXBuildFile; fileRef = 9839FA220E2B5BBB00A16721 /* svd_test.cpp */; };
		9839FA250E2B5BBB00A16721 /* svd_test.cpp in Sources */ = {isa = PBXBuildFile; fileRef = 9839FA220E2B5BBB00A16721 /* svd_test.cpp */; };
		9839FE440E2BB25200A16721 /* Accelerate.framework in Frameworks */ = {isa = PBXBuildFile; fileRef = 9839FE0E0E2BB16D00A16721 /* Accelerate.framework */; };
		9839FE5E0E2BB5B300A16721 /* vmmlib_lapack_main.cpp in Sources */ = {isa = PBXBuildFile; fileRef = 9839FE5D0E2BB5B300A16721 /* vmmlib_lapack_main.cpp */; };
		9839FEF80E2BC67400A16721 /* svd_lapack_vs_old.cpp in Sources */ = {isa = PBXBuildFile; fileRef = 9839FEF60E2BC67400A16721 /* svd_lapack_vs_old.cpp */; };
		9839FF000E2BC75D00A16721 /* performance_test.cpp in Sources */ = {isa = PBXBuildFile; fileRef = 98B7A2680E24CB140064264E /* performance_test.cpp */; };
		9839FF020E2BC76600A16721 /* timer.cpp in Sources */ = {isa = PBXBuildFile; fileRef = 98B7A2560E24C9540064264E /* timer.cpp */; };
		986834C10E24FFD400618F55 /* vector_test.cpp in Sources */ = {isa = PBXBuildFile; fileRef = 986834BF0E24FFD400618F55 /* vector_test.cpp */; };
		986834C20E24FFD400618F55 /* vector_test.cpp in Sources */ = {isa = PBXBuildFile; fileRef = 986834BF0E24FFD400618F55 /* vector_test.cpp */; };
		988F587F0C22C1F10005AC92 /* main_test.cpp in Sources */ = {isa = PBXBuildFile; fileRef = 988F58360C22C09C0005AC92 /* main_test.cpp */; };
		988F58800C22C1F10005AC92 /* Vector2Test.cpp in Sources */ = {isa = PBXBuildFile; fileRef = 988F58400C22C09C0005AC92 /* Vector2Test.cpp */; };
		988F58810C22C1F10005AC92 /* Vector3Test.cpp in Sources */ = {isa = PBXBuildFile; fileRef = 988F58420C22C09C0005AC92 /* Vector3Test.cpp */; };
		988F58820C22C1F10005AC92 /* Vector4Test.cpp in Sources */ = {isa = PBXBuildFile; fileRef = 988F58440C22C09C0005AC92 /* Vector4Test.cpp */; };
		988F58830C22C1F10005AC92 /* Matrix3Test.cpp in Sources */ = {isa = PBXBuildFile; fileRef = 988F58370C22C09C0005AC92 /* Matrix3Test.cpp */; };
		988F58840C22C1F10005AC92 /* Matrix4Test.cpp in Sources */ = {isa = PBXBuildFile; fileRef = 988F58390C22C09C0005AC92 /* Matrix4Test.cpp */; };
		988F58850C22C1F10005AC92 /* QuaternionTest.cpp in Sources */ = {isa = PBXBuildFile; fileRef = 988F583B0C22C09C0005AC92 /* QuaternionTest.cpp */; };
		988F58860C22C1F10005AC92 /* JacobiSolverTest.cpp in Sources */ = {isa = PBXBuildFile; fileRef = 988F58340C22C09C0005AC92 /* JacobiSolverTest.cpp */; };
		988F58870C22C1F10005AC92 /* SVDTest.cpp in Sources */ = {isa = PBXBuildFile; fileRef = 988F583D0C22C09C0005AC92 /* SVDTest.cpp */; };
		98B7A2520E24C8E70064264E /* vmmlib_unit_tests_main.cpp in Sources */ = {isa = PBXBuildFile; fileRef = 98B7A2500E24C8E70064264E /* vmmlib_unit_tests_main.cpp */; };
		98B7A2540E24C8F40064264E /* vmmlib_performance_tests_main.cpp in Sources */ = {isa = PBXBuildFile; fileRef = 98B7A2510E24C8E70064264E /* vmmlib_performance_tests_main.cpp */; };
		98B7A2570E24C9540064264E /* timer.cpp in Sources */ = {isa = PBXBuildFile; fileRef = 98B7A2560E24C9540064264E /* timer.cpp */; };
		98B7A26A0E24CB140064264E /* performance_test.cpp in Sources */ = {isa = PBXBuildFile; fileRef = 98B7A2680E24CB140064264E /* performance_test.cpp */; };
		98B7A2A50E24DF910064264E /* matrix_compare_perf_test.cpp in Sources */ = {isa = PBXBuildFile; fileRef = 98B7A2A30E24DF910064264E /* matrix_compare_perf_test.cpp */; };
		98C561060F1BA62B0026B925 /* Accelerate.framework in Frameworks */ = {isa = PBXBuildFile; fileRef = 9839FE0E0E2BB16D00A16721 /* Accelerate.framework */; };
		98D402D60E38D6A000B24DF1 /* quaternion_test.cpp in Sources */ = {isa = PBXBuildFile; fileRef = 98D402D40E38D6A000B24DF1 /* quaternion_test.cpp */; };
		98D402D70E38D6A000B24DF1 /* quaternion_test.cpp in Sources */ = {isa = PBXBuildFile; fileRef = 98D402D40E38D6A000B24DF1 /* quaternion_test.cpp */; };
		98D402D80E38D6A000B24DF1 /* quaternion_test.cpp in Sources */ = {isa = PBXBuildFile; fileRef = 98D402D40E38D6A000B24DF1 /* quaternion_test.cpp */; };
		98E863770E8005C00004F396 /* vmmlib.hpp in Headers */ = {isa = PBXBuildFile; fileRef = 98D9E40F0E3E269700B046DD /* vmmlib.hpp */; settings = {ATTRIBUTES = (Public, ); }; };
		98E863780E8005C00004F396 /* matrix.hpp in Headers */ = {isa = PBXBuildFile; fileRef = 98F556320E2437540044BA3E /* matrix.hpp */; settings = {ATTRIBUTES = (Public, ); }; };
		98E863790E8005C00004F396 /* vector.hpp in Headers */ = {isa = PBXBuildFile; fileRef = 9868345B0E24F8F300618F55 /* vector.hpp */; settings = {ATTRIBUTES = (Public, ); }; };
		98E8637A0E8005C00004F396 /* quaternion.hpp in Headers */ = {isa = PBXBuildFile; fileRef = 98D402D30E38D6A000B24DF1 /* quaternion.hpp */; settings = {ATTRIBUTES = (Public, ); }; };
		98E8637B0E8005C00004F396 /* matrix_functors.hpp in Headers */ = {isa = PBXBuildFile; fileRef = 98B7A3F00E24EAA30064264E /* matrix_functors.hpp */; settings = {ATTRIBUTES = (Public, ); }; };
		98E8637C0E8005C00004F396 /* qr_decomposition.hpp in Headers */ = {isa = PBXBuildFile; fileRef = 98F556330E2437540044BA3E /* qr_decomposition.hpp */; settings = {ATTRIBUTES = (Public, ); }; };
		98E8637D0E8005C00004F396 /* svd.hpp in Headers */ = {isa = PBXBuildFile; fileRef = 9839FA1D0E2B5A6C00A16721 /* svd.hpp */; settings = {ATTRIBUTES = (Public, ); }; };
		98E8637E0E8005C00004F396 /* jacobiSolver.hpp in Headers */ = {isa = PBXBuildFile; fileRef = 98D9E3EF0E3E14FB00B046DD /* jacobiSolver.hpp */; settings = {ATTRIBUTES = (Public, ); }; };
		98E8637F0E8005C00004F396 /* frustum.hpp in Headers */ = {isa = PBXBuildFile; fileRef = 98D9E4110E3E26E000B046DD /* frustum.hpp */; settings = {ATTRIBUTES = (Public, ); }; };
		98E863800E8005C00004F396 /* frustumCuller.hpp in Headers */ = {isa = PBXBuildFile; fileRef = 98D9E4120E3E26E000B046DD /* frustumCuller.hpp */; settings = {ATTRIBUTES = (Public, ); }; };
		98E863810E8005C00004F396 /* visibility.hpp in Headers */ = {isa = PBXBuildFile; fileRef = 98D9E4C10E3E314700B046DD /* visibility.hpp */; settings = {ATTRIBUTES = (Public, ); }; };
		98E863830E8005C90004F396 /* lapack.hpp in Headers */ = {isa = PBXBuildFile; fileRef = 982449FD0E3F584A0018E13A /* lapack.hpp */; settings = {ATTRIBUTES = (Public, ); }; };
		98E863840E8005C90004F396 /* lapack_types.hpp in Headers */ = {isa = PBXBuildFile; fileRef = 98584AF50E643AEC00314C4C /* lapack_types.hpp */; settings = {ATTRIBUTES = (Public, ); }; };
		98E863850E8005C90004F396 /* lapack_includes.hpp in Headers */ = {isa = PBXBuildFile; fileRef = 98584B140E643BFC00314C4C /* lapack_includes.hpp */; settings = {ATTRIBUTES = (Public, ); }; };
		98E863860E8005C90004F396 /* lapack_linear_least_squares.hpp in Headers */ = {isa = PBXBuildFile; fileRef = 982449FC0E3F584A0018E13A /* lapack_linear_least_squares.hpp */; settings = {ATTRIBUTES = (Public, ); }; };
		98E863870E8005C90004F396 /* lapack_svd.hpp in Headers */ = {isa = PBXBuildFile; fileRef = 982449FB0E3F584A0018E13A /* lapack_svd.hpp */; settings = {ATTRIBUTES = (Public, ); }; };
		98E863880E8005DA0004F396 /* vmmlib_config.hpp in Headers */ = {isa = PBXBuildFile; fileRef = 9868345D0E24F97D00618F55 /* vmmlib_config.hpp */; settings = {ATTRIBUTES = (Public, ); }; };
		98E863890E8005DA0004F396 /* details.hpp in Headers */ = {isa = PBXBuildFile; fileRef = 98D411660E26806A00BEFA71 /* details.hpp */; settings = {ATTRIBUTES = (Public, ); }; };
		98E8638A0E8005DA0004F396 /* exception.hpp in Headers */ = {isa = PBXBuildFile; fileRef = 98D4102C0E2658FE00BEFA71 /* exception.hpp */; settings = {ATTRIBUTES = (Public, ); }; };
		98E8638B0E8005DA0004F396 /* stringUtils.hpp in Headers */ = {isa = PBXBuildFile; fileRef = 98244A310E3F59CD0018E13A /* stringUtils.hpp */; settings = {ATTRIBUTES = (Public, ); }; };
		98E8638C0E8006390004F396 /* Accelerate.framework in Frameworks */ = {isa = PBXBuildFile; fileRef = 9839FE0E0E2BB16D00A16721 /* Accelerate.framework */; };
		98F5563A0E24377F0044BA3E /* matrix_test.cpp in Sources */ = {isa = PBXBuildFile; fileRef = 98F556350E24377F0044BA3E /* matrix_test.cpp */; };
		98F5563B0E24377F0044BA3E /* qr_decomposition_test.cpp in Sources */ = {isa = PBXBuildFile; fileRef = 98F556370E24377F0044BA3E /* qr_decomposition_test.cpp */; };
		98FAB2960E30CDF400C1A8FC /* unit_test.cpp in Sources */ = {isa = PBXBuildFile; fileRef = 98FE7DCD0E224EC400B1E17F /* unit_test.cpp */; };
		98FE7DCF0E224EC400B1E17F /* unit_test.cpp in Sources */ = {isa = PBXBuildFile; fileRef = 98FE7DCD0E224EC400B1E17F /* unit_test.cpp */; };
/* End PBXBuildFile section */

/* Begin PBXFileReference section */
		089C1667FE841158C02AAC07 /* English */ = {isa = PBXFileReference; fileEncoding = 10; lastKnownFileType = text.plist.strings; name = English; path = English.lproj/InfoPlist.strings; sourceTree = "<group>"; };
		8DC2EF5A0486A6940098B216 /* Info.plist */ = {isa = PBXFileReference; fileEncoding = 4; lastKnownFileType = text.plist; path = Info.plist; sourceTree = "<group>"; };
		982449FB0E3F584A0018E13A /* lapack_svd.hpp */ = {isa = PBXFileReference; fileEncoding = 4; lastKnownFileType = sourcecode.cpp.h; name = lapack_svd.hpp; path = include/vmmlib/lapack_svd.hpp; sourceTree = "<group>"; };
		982449FC0E3F584A0018E13A /* lapack_linear_least_squares.hpp */ = {isa = PBXFileReference; fileEncoding = 4; lastKnownFileType = sourcecode.cpp.h; name = lapack_linear_least_squares.hpp; path = include/vmmlib/lapack_linear_least_squares.hpp; sourceTree = "<group>"; };
		982449FD0E3F584A0018E13A /* lapack.hpp */ = {isa = PBXFileReference; fileEncoding = 4; lastKnownFileType = sourcecode.cpp.h; name = lapack.hpp; path = include/vmmlib/lapack.hpp; sourceTree = "<group>"; };
		98244A310E3F59CD0018E13A /* stringUtils.hpp */ = {isa = PBXFileReference; fileEncoding = 4; lastKnownFileType = sourcecode.cpp.h; name = stringUtils.hpp; path = include/vmmlib/stringUtils.hpp; sourceTree = "<group>"; };
		98244A3B0E3F5AEE0018E13A /* lapack_svd_test.cpp */ = {isa = PBXFileReference; fileEncoding = 4; lastKnownFileType = sourcecode.cpp.cpp; name = lapack_svd_test.cpp; path = tests/lapack_svd_test.cpp; sourceTree = "<group>"; };
		98244A3C0E3F5AEE0018E13A /* lapack_svd_test.hpp */ = {isa = PBXFileReference; fileEncoding = 4; lastKnownFileType = sourcecode.cpp.h; name = lapack_svd_test.hpp; path = tests/lapack_svd_test.hpp; sourceTree = "<group>"; };
		98244A3D0E3F5AEE0018E13A /* lapack_linear_least_squares_test.cpp */ = {isa = PBXFileReference; fileEncoding = 4; lastKnownFileType = sourcecode.cpp.cpp; name = lapack_linear_least_squares_test.cpp; path = tests/lapack_linear_least_squares_test.cpp; sourceTree = "<group>"; };
		98244A3E0E3F5AEE0018E13A /* lapack_linear_least_squares_test.hpp */ = {isa = PBXFileReference; fileEncoding = 4; lastKnownFileType = sourcecode.cpp.h; name = lapack_linear_least_squares_test.hpp; path = tests/lapack_linear_least_squares_test.hpp; sourceTree = "<group>"; };
		9839FA1D0E2B5A6C00A16721 /* svd.hpp */ = {isa = PBXFileReference; fileEncoding = 4; lastKnownFileType = sourcecode.cpp.h; name = svd.hpp; path = include/vmmlib/svd.hpp; sourceTree = "<group>"; };
		9839FA220E2B5BBB00A16721 /* svd_test.cpp */ = {isa = PBXFileReference; fileEncoding = 4; lastKnownFileType = sourcecode.cpp.cpp; name = svd_test.cpp; path = tests/svd_test.cpp; sourceTree = "<group>"; };
		9839FA230E2B5BBB00A16721 /* svd_test.hpp */ = {isa = PBXFileReference; fileEncoding = 4; lastKnownFileType = sourcecode.cpp.h; name = svd_test.hpp; path = tests/svd_test.hpp; sourceTree = "<group>"; };
		9839FE0E0E2BB16D00A16721 /* Accelerate.framework */ = {isa = PBXFileReference; lastKnownFileType = wrapper.framework; name = Accelerate.framework; path = /System/Library/Frameworks/Accelerate.framework; sourceTree = "<absolute>"; };
		9839FE1F0E2BB24700A16721 /* vmmlib_lapack_test */ = {isa = PBXFileReference; explicitFileType = "compiled.mach-o.executable"; includeInIndex = 0; path = vmmlib_lapack_test; sourceTree = BUILT_PRODUCTS_DIR; };
		9839FE5D0E2BB5B300A16721 /* vmmlib_lapack_main.cpp */ = {isa = PBXFileReference; fileEncoding = 4; lastKnownFileType = sourcecode.cpp.cpp; name = vmmlib_lapack_main.cpp; path = tests/vmmlib_lapack_main.cpp; sourceTree = "<group>"; };
		9839FEF60E2BC67400A16721 /* svd_lapack_vs_old.cpp */ = {isa = PBXFileReference; fileEncoding = 4; lastKnownFileType = sourcecode.cpp.cpp; name = svd_lapack_vs_old.cpp; path = tests/svd_lapack_vs_old.cpp; sourceTree = "<group>"; };
		9839FEF70E2BC67400A16721 /* svd_lapack_vs_old.hpp */ = {isa = PBXFileReference; fileEncoding = 4; lastKnownFileType = sourcecode.cpp.h; name = svd_lapack_vs_old.hpp; path = tests/svd_lapack_vs_old.hpp; sourceTree = "<group>"; };
		98584AF50E643AEC00314C4C /* lapack_types.hpp */ = {isa = PBXFileReference; fileEncoding = 4; lastKnownFileType = sourcecode.cpp.h; name = lapack_types.hpp; path = include/vmmlib/lapack_types.hpp; sourceTree = "<group>"; };
		98584B140E643BFC00314C4C /* lapack_includes.hpp */ = {isa = PBXFileReference; fileEncoding = 4; lastKnownFileType = sourcecode.cpp.h; name = lapack_includes.hpp; path = include/vmmlib/lapack_includes.hpp; sourceTree = "<group>"; };
		985F6FC40C6B7C67002B05C5 /* vmmlib.h */ = {isa = PBXFileReference; fileEncoding = 30; lastKnownFileType = sourcecode.c.h; name = vmmlib.h; path = include/vmmlib/vmmlib.h; sourceTree = "<group>"; };
		985F6FC50C6B7C67002B05C5 /* vector4.h */ = {isa = PBXFileReference; fileEncoding = 30; lastKnownFileType = sourcecode.c.h; name = vector4.h; path = include/vmmlib/vector4.h; sourceTree = "<group>"; };
		985F6FC60C6B7C67002B05C5 /* vector3.h */ = {isa = PBXFileReference; fileEncoding = 30; lastKnownFileType = sourcecode.c.h; name = vector3.h; path = include/vmmlib/vector3.h; sourceTree = "<group>"; };
		985F6FC70C6B7C67002B05C5 /* vector2.h */ = {isa = PBXFileReference; fileEncoding = 30; lastKnownFileType = sourcecode.c.h; name = vector2.h; path = include/vmmlib/vector2.h; sourceTree = "<group>"; };
		985F6FC80C6B7C67002B05C5 /* svd.h */ = {isa = PBXFileReference; fileEncoding = 30; lastKnownFileType = sourcecode.c.h; name = svd.h; path = include/vmmlib/svd.h; sourceTree = "<group>"; };
		985F6FC90C6B7C67002B05C5 /* quaternion.h */ = {isa = PBXFileReference; fileEncoding = 30; lastKnownFileType = sourcecode.c.h; name = quaternion.h; path = include/vmmlib/quaternion.h; sourceTree = "<group>"; };
		985F6FCA0C6B7C67002B05C5 /* matrix4.h */ = {isa = PBXFileReference; fileEncoding = 30; lastKnownFileType = sourcecode.c.h; name = matrix4.h; path = include/vmmlib/matrix4.h; sourceTree = "<group>"; };
		985F6FCB0C6B7C67002B05C5 /* matrix3.h */ = {isa = PBXFileReference; fileEncoding = 30; lastKnownFileType = sourcecode.c.h; name = matrix3.h; path = include/vmmlib/matrix3.h; sourceTree = "<group>"; };
		985F6FCC0C6B7C67002B05C5 /* LICENSE */ = {isa = PBXFileReference; fileEncoding = 30; lastKnownFileType = text; name = LICENSE; path = include/vmmlib/LICENSE; sourceTree = "<group>"; };
		985F6FCD0C6B7C67002B05C5 /* jacobiSolver.h */ = {isa = PBXFileReference; fileEncoding = 30; lastKnownFileType = sourcecode.c.h; name = jacobiSolver.h; path = include/vmmlib/jacobiSolver.h; sourceTree = "<group>"; };
		985F6FCE0C6B7C67002B05C5 /* helperFunctions.h */ = {isa = PBXFileReference; fileEncoding = 30; lastKnownFileType = sourcecode.c.h; name = helperFunctions.h; path = include/vmmlib/helperFunctions.h; sourceTree = "<group>"; };
		985F6FCF0C6B7C67002B05C5 /* frustumCuller.h */ = {isa = PBXFileReference; fileEncoding = 30; lastKnownFileType = sourcecode.c.h; name = frustumCuller.h; path = include/vmmlib/frustumCuller.h; sourceTree = "<group>"; };
		985F6FD00C6B7C67002B05C5 /* frustum.h */ = {isa = PBXFileReference; fileEncoding = 30; lastKnownFileType = sourcecode.c.h; name = frustum.h; path = include/vmmlib/frustum.h; sourceTree = "<group>"; };
		985F6FD10C6B7C67002B05C5 /* axisAlignedBoundingBox.h */ = {isa = PBXFileReference; fileEncoding = 30; lastKnownFileType = sourcecode.c.h; name = axisAlignedBoundingBox.h; path = include/vmmlib/axisAlignedBoundingBox.h; sourceTree = "<group>"; };
		9868345B0E24F8F300618F55 /* vector.hpp */ = {isa = PBXFileReference; fileEncoding = 4; lastKnownFileType = sourcecode.cpp.h; name = vector.hpp; path = include/vmmlib/vector.hpp; sourceTree = "<group>"; };
		9868345D0E24F97D00618F55 /* vmmlib_config.hpp */ = {isa = PBXFileReference; fileEncoding = 4; lastKnownFileType = sourcecode.cpp.h; name = vmmlib_config.hpp; path = include/vmmlib/vmmlib_config.hpp; sourceTree = "<group>"; };
		986834BF0E24FFD400618F55 /* vector_test.cpp */ = {isa = PBXFileReference; fileEncoding = 4; lastKnownFileType = sourcecode.cpp.cpp; name = vector_test.cpp; path = tests/vector_test.cpp; sourceTree = "<group>"; };
		986834C00E24FFD400618F55 /* vector_test.hpp */ = {isa = PBXFileReference; fileEncoding = 4; lastKnownFileType = sourcecode.cpp.h; name = vector_test.hpp; path = tests/vector_test.hpp; sourceTree = "<group>"; };
		988F58340C22C09C0005AC92 /* JacobiSolverTest.cpp */ = {isa = PBXFileReference; fileEncoding = 30; lastKnownFileType = sourcecode.cpp.cpp; name = JacobiSolverTest.cpp; path = tests/JacobiSolverTest.cpp; sourceTree = "<group>"; };
		988F58350C22C09C0005AC92 /* JacobiSolverTest.h */ = {isa = PBXFileReference; fileEncoding = 30; lastKnownFileType = sourcecode.c.h; name = JacobiSolverTest.h; path = tests/JacobiSolverTest.h; sourceTree = "<group>"; };
		988F58360C22C09C0005AC92 /* main_test.cpp */ = {isa = PBXFileReference; fileEncoding = 30; lastKnownFileType = sourcecode.cpp.cpp; name = main_test.cpp; path = tests/main_test.cpp; sourceTree = "<group>"; };
		988F58370C22C09C0005AC92 /* Matrix3Test.cpp */ = {isa = PBXFileReference; fileEncoding = 30; lastKnownFileType = sourcecode.cpp.cpp; name = Matrix3Test.cpp; path = tests/Matrix3Test.cpp; sourceTree = "<group>"; };
		988F58380C22C09C0005AC92 /* Matrix3Test.h */ = {isa = PBXFileReference; fileEncoding = 30; lastKnownFileType = sourcecode.c.h; name = Matrix3Test.h; path = tests/Matrix3Test.h; sourceTree = "<group>"; };
		988F58390C22C09C0005AC92 /* Matrix4Test.cpp */ = {isa = PBXFileReference; fileEncoding = 30; lastKnownFileType = sourcecode.cpp.cpp; name = Matrix4Test.cpp; path = tests/Matrix4Test.cpp; sourceTree = "<group>"; };
		988F583A0C22C09C0005AC92 /* Matrix4Test.h */ = {isa = PBXFileReference; fileEncoding = 30; lastKnownFileType = sourcecode.c.h; name = Matrix4Test.h; path = tests/Matrix4Test.h; sourceTree = "<group>"; };
		988F583B0C22C09C0005AC92 /* QuaternionTest.cpp */ = {isa = PBXFileReference; fileEncoding = 30; lastKnownFileType = sourcecode.cpp.cpp; name = QuaternionTest.cpp; path = tests/QuaternionTest.cpp; sourceTree = "<group>"; };
		988F583C0C22C09C0005AC92 /* QuaternionTest.h */ = {isa = PBXFileReference; fileEncoding = 30; lastKnownFileType = sourcecode.c.h; name = QuaternionTest.h; path = tests/QuaternionTest.h; sourceTree = "<group>"; };
		988F583D0C22C09C0005AC92 /* SVDTest.cpp */ = {isa = PBXFileReference; fileEncoding = 30; lastKnownFileType = sourcecode.cpp.cpp; name = SVDTest.cpp; path = tests/SVDTest.cpp; sourceTree = "<group>"; };
		988F583E0C22C09C0005AC92 /* SVDTest.h */ = {isa = PBXFileReference; fileEncoding = 30; lastKnownFileType = sourcecode.c.h; name = SVDTest.h; path = tests/SVDTest.h; sourceTree = "<group>"; };
		988F583F0C22C09C0005AC92 /* Test.h */ = {isa = PBXFileReference; fileEncoding = 30; lastKnownFileType = sourcecode.c.h; name = Test.h; path = tests/Test.h; sourceTree = "<group>"; };
		988F58400C22C09C0005AC92 /* Vector2Test.cpp */ = {isa = PBXFileReference; fileEncoding = 30; lastKnownFileType = sourcecode.cpp.cpp; name = Vector2Test.cpp; path = tests/Vector2Test.cpp; sourceTree = "<group>"; };
		988F58410C22C09C0005AC92 /* Vector2Test.h */ = {isa = PBXFileReference; fileEncoding = 30; lastKnownFileType = sourcecode.c.h; name = Vector2Test.h; path = tests/Vector2Test.h; sourceTree = "<group>"; };
		988F58420C22C09C0005AC92 /* Vector3Test.cpp */ = {isa = PBXFileReference; fileEncoding = 30; lastKnownFileType = sourcecode.cpp.cpp; name = Vector3Test.cpp; path = tests/Vector3Test.cpp; sourceTree = "<group>"; };
		988F58430C22C09C0005AC92 /* Vector3Test.h */ = {isa = PBXFileReference; fileEncoding = 30; lastKnownFileType = sourcecode.c.h; name = Vector3Test.h; path = tests/Vector3Test.h; sourceTree = "<group>"; };
		988F58440C22C09C0005AC92 /* Vector4Test.cpp */ = {isa = PBXFileReference; fileEncoding = 30; lastKnownFileType = sourcecode.cpp.cpp; name = Vector4Test.cpp; path = tests/Vector4Test.cpp; sourceTree = "<group>"; };
		988F58450C22C09C0005AC92 /* Vector4Test.h */ = {isa = PBXFileReference; fileEncoding = 30; lastKnownFileType = sourcecode.c.h; name = Vector4Test.h; path = tests/Vector4Test.h; sourceTree = "<group>"; };
		988F58780C22C1B90005AC92 /* VMMLibTest */ = {isa = PBXFileReference; explicitFileType = "compiled.mach-o.executable"; includeInIndex = 0; path = VMMLibTest; sourceTree = BUILT_PRODUCTS_DIR; };
		988F59AC0C22C9A90005AC92 /* VMMLib-Info.plist */ = {isa = PBXFileReference; lastKnownFileType = text.plist.xml; path = "VMMLib-Info.plist"; sourceTree = "<group>"; };
		988F5A100C22CAFE0005AC92 /* README */ = {isa = PBXFileReference; fileEncoding = 30; lastKnownFileType = text; path = README; sourceTree = "<group>"; };
		98B7A2490E24C85C0064264E /* vmmlib_performance_tests */ = {isa = PBXFileReference; explicitFileType = "compiled.mach-o.executable"; includeInIndex = 0; path = vmmlib_performance_tests; sourceTree = BUILT_PRODUCTS_DIR; };
		98B7A2500E24C8E70064264E /* vmmlib_unit_tests_main.cpp */ = {isa = PBXFileReference; fileEncoding = 4; lastKnownFileType = sourcecode.cpp.cpp; name = vmmlib_unit_tests_main.cpp; path = tests/vmmlib_unit_tests_main.cpp; sourceTree = "<group>"; };
		98B7A2510E24C8E70064264E /* vmmlib_performance_tests_main.cpp */ = {isa = PBXFileReference; fileEncoding = 4; lastKnownFileType = sourcecode.cpp.cpp; name = vmmlib_performance_tests_main.cpp; path = tests/vmmlib_performance_tests_main.cpp; sourceTree = "<group>"; };
		98B7A2550E24C9540064264E /* timer.hpp */ = {isa = PBXFileReference; fileEncoding = 4; lastKnownFileType = sourcecode.cpp.h; name = timer.hpp; path = tests/timer.hpp; sourceTree = "<group>"; };
		98B7A2560E24C9540064264E /* timer.cpp */ = {isa = PBXFileReference; fileEncoding = 4; lastKnownFileType = sourcecode.cpp.cpp; name = timer.cpp; path = tests/timer.cpp; sourceTree = "<group>"; };
		98B7A2680E24CB140064264E /* performance_test.cpp */ = {isa = PBXFileReference; fileEncoding = 4; lastKnownFileType = sourcecode.cpp.cpp; name = performance_test.cpp; path = tests/performance_test.cpp; sourceTree = "<group>"; };
		98B7A2690E24CB140064264E /* performance_test.hpp */ = {isa = PBXFileReference; fileEncoding = 4; lastKnownFileType = sourcecode.cpp.h; name = performance_test.hpp; path = tests/performance_test.hpp; sourceTree = "<group>"; };
		98B7A2A30E24DF910064264E /* matrix_compare_perf_test.cpp */ = {isa = PBXFileReference; fileEncoding = 4; lastKnownFileType = sourcecode.cpp.cpp; name = matrix_compare_perf_test.cpp; path = tests/matrix_compare_perf_test.cpp; sourceTree = "<group>"; };
		98B7A2A40E24DF910064264E /* matrix_compare_perf_test.hpp */ = {isa = PBXFileReference; fileEncoding = 4; lastKnownFileType = sourcecode.cpp.h; name = matrix_compare_perf_test.hpp; path = tests/matrix_compare_perf_test.hpp; sourceTree = "<group>"; };
		98B7A3F00E24EAA30064264E /* matrix_functors.hpp */ = {isa = PBXFileReference; fileEncoding = 4; lastKnownFileType = sourcecode.cpp.h; name = matrix_functors.hpp; path = include/vmmlib/matrix_functors.hpp; sourceTree = "<group>"; };
		98D402D30E38D6A000B24DF1 /* quaternion.hpp */ = {isa = PBXFileReference; fileEncoding = 4; lastKnownFileType = sourcecode.cpp.h; name = quaternion.hpp; path = include/vmmlib/quaternion.hpp; sourceTree = "<group>"; };
		98D402D40E38D6A000B24DF1 /* quaternion_test.cpp */ = {isa = PBXFileReference; fileEncoding = 4; lastKnownFileType = sourcecode.cpp.cpp; name = quaternion_test.cpp; path = tests/quaternion_test.cpp; sourceTree = "<group>"; };
		98D402D50E38D6A000B24DF1 /* quaternion_test.hpp */ = {isa = PBXFileReference; fileEncoding = 4; lastKnownFileType = sourcecode.cpp.h; name = quaternion_test.hpp; path = tests/quaternion_test.hpp; sourceTree = "<group>"; };
		98D4102C0E2658FE00BEFA71 /* exception.hpp */ = {isa = PBXFileReference; fileEncoding = 4; lastKnownFileType = sourcecode.cpp.h; name = exception.hpp; path = include/vmmlib/exception.hpp; sourceTree = "<group>"; };
		98D411660E26806A00BEFA71 /* details.hpp */ = {isa = PBXFileReference; fileEncoding = 4; lastKnownFileType = sourcecode.cpp.h; name = details.hpp; path = include/vmmlib/details.hpp; sourceTree = "<group>"; };
		98D9E3EF0E3E14FB00B046DD /* jacobiSolver.hpp */ = {isa = PBXFileReference; fileEncoding = 4; lastKnownFileType = sourcecode.cpp.h; name = jacobiSolver.hpp; path = include/vmmlib/jacobiSolver.hpp; sourceTree = "<group>"; };
		98D9E40F0E3E269700B046DD /* vmmlib.hpp */ = {isa = PBXFileReference; fileEncoding = 4; lastKnownFileType = sourcecode.cpp.h; name = vmmlib.hpp; path = include/vmmlib/vmmlib.hpp; sourceTree = "<group>"; };
		98D9E4110E3E26E000B046DD /* frustum.hpp */ = {isa = PBXFileReference; fileEncoding = 4; lastKnownFileType = sourcecode.cpp.h; name = frustum.hpp; path = include/vmmlib/frustum.hpp; sourceTree = "<group>"; };
		98D9E4120E3E26E000B046DD /* frustumCuller.hpp */ = {isa = PBXFileReference; fileEncoding = 4; lastKnownFileType = sourcecode.cpp.h; name = frustumCuller.hpp; path = include/vmmlib/frustumCuller.hpp; sourceTree = "<group>"; };
		98D9E4C10E3E314700B046DD /* visibility.hpp */ = {isa = PBXFileReference; fileEncoding = 4; lastKnownFileType = sourcecode.cpp.h; name = visibility.hpp; path = include/vmmlib/visibility.hpp; sourceTree = "<group>"; };
		98D9E4C30E3E317100B046DD /* visibility.h */ = {isa = PBXFileReference; fileEncoding = 4; lastKnownFileType = sourcecode.c.h; name = visibility.h; path = include/vmmlib/visibility.h; sourceTree = "<group>"; };
		98E863700E8005B10004F396 /* vmmlib.framework */ = {isa = PBXFileReference; explicitFileType = wrapper.framework; includeInIndex = 0; path = vmmlib.framework; sourceTree = BUILT_PRODUCTS_DIR; };
		98E863710E8005B10004F396 /* vmmlib-Info.plist */ = {isa = PBXFileReference; lastKnownFileType = text.plist.xml; path = "vmmlib-Info.plist"; sourceTree = "<group>"; };
		98F556320E2437540044BA3E /* matrix.hpp */ = {isa = PBXFileReference; fileEncoding = 4; lastKnownFileType = sourcecode.cpp.h; name = matrix.hpp; path = include/vmmlib/matrix.hpp; sourceTree = "<group>"; };
		98F556330E2437540044BA3E /* qr_decomposition.hpp */ = {isa = PBXFileReference; fileEncoding = 4; lastKnownFileType = sourcecode.cpp.h; name = qr_decomposition.hpp; path = include/vmmlib/qr_decomposition.hpp; sourceTree = "<group>"; };
		98F556340E2437540044BA3E /* stringUtils.h */ = {isa = PBXFileReference; fileEncoding = 4; lastKnownFileType = sourcecode.c.h; name = stringUtils.h; path = include/vmmlib/stringUtils.h; sourceTree = "<group>"; };
		98F556350E24377F0044BA3E /* matrix_test.cpp */ = {isa = PBXFileReference; fileEncoding = 4; lastKnownFileType = sourcecode.cpp.cpp; name = matrix_test.cpp; path = tests/matrix_test.cpp; sourceTree = "<group>"; };
		98F556360E24377F0044BA3E /* matrix_test.hpp */ = {isa = PBXFileReference; fileEncoding = 4; lastKnownFileType = sourcecode.cpp.h; name = matrix_test.hpp; path = tests/matrix_test.hpp; sourceTree = "<group>"; };
		98F556370E24377F0044BA3E /* qr_decomposition_test.cpp */ = {isa = PBXFileReference; fileEncoding = 4; lastKnownFileType = sourcecode.cpp.cpp; name = qr_decomposition_test.cpp; path = tests/qr_decomposition_test.cpp; sourceTree = "<group>"; };
		98F556380E24377F0044BA3E /* qr_decomposition_test.hpp */ = {isa = PBXFileReference; fileEncoding = 4; lastKnownFileType = sourcecode.cpp.h; name = qr_decomposition_test.hpp; path = tests/qr_decomposition_test.hpp; sourceTree = "<group>"; };
		98FE7DC50E224E8700B1E17F /* vmmlib_unit_tests */ = {isa = PBXFileReference; explicitFileType = "compiled.mach-o.executable"; includeInIndex = 0; path = vmmlib_unit_tests; sourceTree = BUILT_PRODUCTS_DIR; };
		98FE7DCD0E224EC400B1E17F /* unit_test.cpp */ = {isa = PBXFileReference; fileEncoding = 4; lastKnownFileType = sourcecode.cpp.cpp; name = unit_test.cpp; path = tests/unit_test.cpp; sourceTree = "<group>"; };
		98FE7DCE0E224EC400B1E17F /* unit_test.hpp */ = {isa = PBXFileReference; fileEncoding = 4; lastKnownFileType = sourcecode.cpp.h; name = unit_test.hpp; path = tests/unit_test.hpp; sourceTree = "<group>"; };
/* End PBXFileReference section */

/* Begin PBXFrameworksBuildPhase section */
		9839FE1D0E2BB24700A16721 /* Frameworks */ = {
			isa = PBXFrameworksBuildPhase;
			buildActionMask = 2147483647;
			files = (
				9839FE440E2BB25200A16721 /* Accelerate.framework in Frameworks */,
			);
			runOnlyForDeploymentPostprocessing = 0;
		};
		988F58760C22C1B90005AC92 /* Frameworks */ = {
			isa = PBXFrameworksBuildPhase;
			buildActionMask = 2147483647;
			files = (
			);
			runOnlyForDeploymentPostprocessing = 0;
		};
		98B7A2470E24C85C0064264E /* Frameworks */ = {
			isa = PBXFrameworksBuildPhase;
			buildActionMask = 2147483647;
			files = (
				98C561060F1BA62B0026B925 /* Accelerate.framework in Frameworks */,
			);
			runOnlyForDeploymentPostprocessing = 0;
		};
		98E8636E0E8005B10004F396 /* Frameworks */ = {
			isa = PBXFrameworksBuildPhase;
			buildActionMask = 2147483647;
			files = (
				98E8638C0E8006390004F396 /* Accelerate.framework in Frameworks */,
			);
			runOnlyForDeploymentPostprocessing = 0;
		};
		98FE7DC30E224E8700B1E17F /* Frameworks */ = {
			isa = PBXFrameworksBuildPhase;
			buildActionMask = 2147483647;
			files = (
				98244C010E3F76930018E13A /* Accelerate.framework in Frameworks */,
			);
			runOnlyForDeploymentPostprocessing = 0;
		};
/* End PBXFrameworksBuildPhase section */

/* Begin PBXGroup section */
		034768DFFF38A50411DB9C8B /* Products */ = {
			isa = PBXGroup;
			children = (
				988F58780C22C1B90005AC92 /* VMMLibTest */,
				98FE7DC50E224E8700B1E17F /* vmmlib_unit_tests */,
				98B7A2490E24C85C0064264E /* vmmlib_performance_tests */,
				9839FE1F0E2BB24700A16721 /* vmmlib_lapack_test */,
				98E863700E8005B10004F396 /* vmmlib.framework */,
			);
			name = Products;
			sourceTree = "<group>";
		};
		0867D691FE84028FC02AAC07 /* VMMLib */ = {
			isa = PBXGroup;
			children = (
				08FB77AEFE84172EC02AAC07 /* Library */,
				988F58330C22C0720005AC92 /* Tests */,
				32C88DFF0371C24200C91783 /* Other Sources */,
				089C1665FE841158C02AAC07 /* Resources */,
				0867D69AFE84028FC02AAC07 /* External Frameworks and Libraries */,
				034768DFFF38A50411DB9C8B /* Products */,
				988F59AC0C22C9A90005AC92 /* VMMLib-Info.plist */,
				98E863710E8005B10004F396 /* vmmlib-Info.plist */,
			);
			name = VMMLib;
			sourceTree = "<group>";
		};
		0867D69AFE84028FC02AAC07 /* External Frameworks and Libraries */ = {
			isa = PBXGroup;
			children = (
				1058C7B0FEA5585E11CA2CBB /* Linked Frameworks */,
				1058C7B2FEA5585E11CA2CBB /* Other Frameworks */,
			);
			name = "External Frameworks and Libraries";
			sourceTree = "<group>";
		};
		089C1665FE841158C02AAC07 /* Resources */ = {
			isa = PBXGroup;
			children = (
				985F6FCC0C6B7C67002B05C5 /* LICENSE */,
				988F5A100C22CAFE0005AC92 /* README */,
				8DC2EF5A0486A6940098B216 /* Info.plist */,
				089C1666FE841158C02AAC07 /* InfoPlist.strings */,
			);
			name = Resources;
			sourceTree = "<group>";
		};
		08FB77AEFE84172EC02AAC07 /* Library */ = {
			isa = PBXGroup;
			children = (
				98FE7DBC0E224E3D00B1E17F /* 1.0 */,
				988F58300C22C0160005AC92 /* Pre-1.0 */,
			);
			name = Library;
			sourceTree = "<group>";
		};
		1058C7B0FEA5585E11CA2CBB /* Linked Frameworks */ = {
			isa = PBXGroup;
			children = (
				9839FE0E0E2BB16D00A16721 /* Accelerate.framework */,
			);
			name = "Linked Frameworks";
			sourceTree = "<group>";
		};
		1058C7B2FEA5585E11CA2CBB /* Other Frameworks */ = {
			isa = PBXGroup;
			children = (
			);
			name = "Other Frameworks";
			sourceTree = "<group>";
		};
		32C88DFF0371C24200C91783 /* Other Sources */ = {
			isa = PBXGroup;
			children = (
			);
			name = "Other Sources";
			sourceTree = "<group>";
		};
		9816661D0E27891000AA6A4D /* details */ = {
			isa = PBXGroup;
			children = (
				9868345D0E24F97D00618F55 /* vmmlib_config.hpp */,
				98D411660E26806A00BEFA71 /* details.hpp */,
				98D4102C0E2658FE00BEFA71 /* exception.hpp */,
				98244A310E3F59CD0018E13A /* stringUtils.hpp */,
			);
			name = details;
			sourceTree = "<group>";
		};
		9839FE5C0E2BB59800A16721 /* lapack */ = {
			isa = PBXGroup;
			children = (
				9839FE5D0E2BB5B300A16721 /* vmmlib_lapack_main.cpp */,
				982449FD0E3F584A0018E13A /* lapack.hpp */,
				98584AF50E643AEC00314C4C /* lapack_types.hpp */,
				98584B140E643BFC00314C4C /* lapack_includes.hpp */,
				982449FC0E3F584A0018E13A /* lapack_linear_least_squares.hpp */,
				982449FB0E3F584A0018E13A /* lapack_svd.hpp */,
			);
			name = lapack;
			sourceTree = "<group>";
		};
		988F58300C22C0160005AC92 /* Pre-1.0 */ = {
			isa = PBXGroup;
			children = (
				985F6FC40C6B7C67002B05C5 /* vmmlib.h */,
				985F6FC70C6B7C67002B05C5 /* vector2.h */,
				985F6FC60C6B7C67002B05C5 /* vector3.h */,
				985F6FC50C6B7C67002B05C5 /* vector4.h */,
				985F6FCB0C6B7C67002B05C5 /* matrix3.h */,
				985F6FCA0C6B7C67002B05C5 /* matrix4.h */,
				985F6FC90C6B7C67002B05C5 /* quaternion.h */,
				985F6FD10C6B7C67002B05C5 /* axisAlignedBoundingBox.h */,
				988F58310C22C01D0005AC92 /* Advanced */,
				988F58320C22C0570005AC92 /* Frustum */,
				98B7A2400E24C7CF0064264E /* Misc */,
			);
			name = "Pre-1.0";
			sourceTree = "<group>";
		};
		988F58310C22C01D0005AC92 /* Advanced */ = {
			isa = PBXGroup;
			children = (
				985F6FCE0C6B7C67002B05C5 /* helperFunctions.h */,
				985F6FC80C6B7C67002B05C5 /* svd.h */,
				985F6FCD0C6B7C67002B05C5 /* jacobiSolver.h */,
			);
			name = Advanced;
			sourceTree = "<group>";
		};
		988F58320C22C0570005AC92 /* Frustum */ = {
			isa = PBXGroup;
			children = (
				98D9E4C30E3E317100B046DD /* visibility.h */,
				985F6FD00C6B7C67002B05C5 /* frustum.h */,
				985F6FCF0C6B7C67002B05C5 /* frustumCuller.h */,
			);
			name = Frustum;
			sourceTree = "<group>";
		};
		988F58330C22C0720005AC92 /* Tests */ = {
			isa = PBXGroup;
			children = (
				98B7A24D0E24C8750064264E /* unit testing */,
				98B7A24F0E24C87E0064264E /* performance testing */,
				98FE7DCB0E224EA200B1E17F /* old tests */,
			);
			name = Tests;
			sourceTree = "<group>";
		};
		98B7A2400E24C7CF0064264E /* Misc */ = {
			isa = PBXGroup;
			children = (
				98F556340E2437540044BA3E /* stringUtils.h */,
			);
			name = Misc;
			sourceTree = "<group>";
		};
		98B7A24D0E24C8750064264E /* unit testing */ = {
			isa = PBXGroup;
			children = (
				98B7A2500E24C8E70064264E /* vmmlib_unit_tests_main.cpp */,
				98FE7DCE0E224EC400B1E17F /* unit_test.hpp */,
				98FE7DCD0E224EC400B1E17F /* unit_test.cpp */,
				98B7A2620E24CA760064264E /* unit tests */,
			);
			name = "unit testing";
			sourceTree = "<group>";
		};
		98B7A24F0E24C87E0064264E /* performance testing */ = {
			isa = PBXGroup;
			children = (
				98B7A2510E24C8E70064264E /* vmmlib_performance_tests_main.cpp */,
				98B7A2690E24CB140064264E /* performance_test.hpp */,
				98B7A2680E24CB140064264E /* performance_test.cpp */,
				98B7A2550E24C9540064264E /* timer.hpp */,
				98B7A2560E24C9540064264E /* timer.cpp */,
				98B7A2A20E24DF7A0064264E /* performance tests */,
			);
			name = "performance testing";
			sourceTree = "<group>";
		};
		98B7A2620E24CA760064264E /* unit tests */ = {
			isa = PBXGroup;
			children = (
				98F556360E24377F0044BA3E /* matrix_test.hpp */,
				98F556350E24377F0044BA3E /* matrix_test.cpp */,
				986834C00E24FFD400618F55 /* vector_test.hpp */,
				986834BF0E24FFD400618F55 /* vector_test.cpp */,
				98D402D50E38D6A000B24DF1 /* quaternion_test.hpp */,
				98D402D40E38D6A000B24DF1 /* quaternion_test.cpp */,
				98F556380E24377F0044BA3E /* qr_decomposition_test.hpp */,
				98F556370E24377F0044BA3E /* qr_decomposition_test.cpp */,
				9839FA230E2B5BBB00A16721 /* svd_test.hpp */,
				9839FA220E2B5BBB00A16721 /* svd_test.cpp */,
				98244A3C0E3F5AEE0018E13A /* lapack_svd_test.hpp */,
				98244A3B0E3F5AEE0018E13A /* lapack_svd_test.cpp */,
				98244A3E0E3F5AEE0018E13A /* lapack_linear_least_squares_test.hpp */,
				98244A3D0E3F5AEE0018E13A /* lapack_linear_least_squares_test.cpp */,
			);
			name = "unit tests";
			sourceTree = "<group>";
		};
		98B7A2A20E24DF7A0064264E /* performance tests */ = {
			isa = PBXGroup;
			children = (
				98B7A2A40E24DF910064264E /* matrix_compare_perf_test.hpp */,
				98B7A2A30E24DF910064264E /* matrix_compare_perf_test.cpp */,
				9839FEF70E2BC67400A16721 /* svd_lapack_vs_old.hpp */,
				9839FEF60E2BC67400A16721 /* svd_lapack_vs_old.cpp */,
			);
			name = "performance tests";
			sourceTree = "<group>";
		};
		98FE7DBC0E224E3D00B1E17F /* 1.0 */ = {
			isa = PBXGroup;
			children = (
				98D9E40F0E3E269700B046DD /* vmmlib.hpp */,
				98F556320E2437540044BA3E /* matrix.hpp */,
				9868345B0E24F8F300618F55 /* vector.hpp */,
				98D402D30E38D6A000B24DF1 /* quaternion.hpp */,
				98B7A3F00E24EAA30064264E /* matrix_functors.hpp */,
				98F556330E2437540044BA3E /* qr_decomposition.hpp */,
				9839FA1D0E2B5A6C00A16721 /* svd.hpp */,
				98D9E3EF0E3E14FB00B046DD /* jacobiSolver.hpp */,
				98D9E4110E3E26E000B046DD /* frustum.hpp */,
				98D9E4120E3E26E000B046DD /* frustumCuller.hpp */,
				98D9E4C10E3E314700B046DD /* visibility.hpp */,
				9839FE5C0E2BB59800A16721 /* lapack */,
				9816661D0E27891000AA6A4D /* details */,
			);
			name = 1.0;
			sourceTree = "<group>";
		};
		98FE7DCB0E224EA200B1E17F /* old tests */ = {
			isa = PBXGroup;
			children = (
				988F58360C22C09C0005AC92 /* main_test.cpp */,
				988F583F0C22C09C0005AC92 /* Test.h */,
				988F58400C22C09C0005AC92 /* Vector2Test.cpp */,
				988F58410C22C09C0005AC92 /* Vector2Test.h */,
				988F58420C22C09C0005AC92 /* Vector3Test.cpp */,
				988F58430C22C09C0005AC92 /* Vector3Test.h */,
				988F58440C22C09C0005AC92 /* Vector4Test.cpp */,
				988F58450C22C09C0005AC92 /* Vector4Test.h */,
				988F58370C22C09C0005AC92 /* Matrix3Test.cpp */,
				988F58380C22C09C0005AC92 /* Matrix3Test.h */,
				988F58390C22C09C0005AC92 /* Matrix4Test.cpp */,
				988F583A0C22C09C0005AC92 /* Matrix4Test.h */,
				988F583B0C22C09C0005AC92 /* QuaternionTest.cpp */,
				988F583C0C22C09C0005AC92 /* QuaternionTest.h */,
				988F58340C22C09C0005AC92 /* JacobiSolverTest.cpp */,
				988F58350C22C09C0005AC92 /* JacobiSolverTest.h */,
				988F583D0C22C09C0005AC92 /* SVDTest.cpp */,
				988F583E0C22C09C0005AC92 /* SVDTest.h */,
			);
			name = "old tests";
			sourceTree = "<group>";
		};
/* End PBXGroup section */

/* Begin PBXHeadersBuildPhase section */
		98E8636B0E8005B10004F396 /* Headers */ = {
			isa = PBXHeadersBuildPhase;
			buildActionMask = 2147483647;
			files = (
				98E863770E8005C00004F396 /* vmmlib.hpp in Headers */,
				98E863780E8005C00004F396 /* matrix.hpp in Headers */,
				98E863790E8005C00004F396 /* vector.hpp in Headers */,
				98E8637A0E8005C00004F396 /* quaternion.hpp in Headers */,
				98E8637B0E8005C00004F396 /* matrix_functors.hpp in Headers */,
				98E8637C0E8005C00004F396 /* qr_decomposition.hpp in Headers */,
				98E8637D0E8005C00004F396 /* svd.hpp in Headers */,
				98E8637E0E8005C00004F396 /* jacobiSolver.hpp in Headers */,
				98E8637F0E8005C00004F396 /* frustum.hpp in Headers */,
				98E863800E8005C00004F396 /* frustumCuller.hpp in Headers */,
				98E863810E8005C00004F396 /* visibility.hpp in Headers */,
				98E863830E8005C90004F396 /* lapack.hpp in Headers */,
				98E863840E8005C90004F396 /* lapack_types.hpp in Headers */,
				98E863850E8005C90004F396 /* lapack_includes.hpp in Headers */,
				98E863860E8005C90004F396 /* lapack_linear_least_squares.hpp in Headers */,
				98E863870E8005C90004F396 /* lapack_svd.hpp in Headers */,
				98E863880E8005DA0004F396 /* vmmlib_config.hpp in Headers */,
				98E863890E8005DA0004F396 /* details.hpp in Headers */,
				98E8638A0E8005DA0004F396 /* exception.hpp in Headers */,
				98E8638B0E8005DA0004F396 /* stringUtils.hpp in Headers */,
			);
			runOnlyForDeploymentPostprocessing = 0;
		};
/* End PBXHeadersBuildPhase section */

/* Begin PBXNativeTarget section */
		9839FE1E0E2BB24700A16721 /* vmmlib_lapack_test */ = {
			isa = PBXNativeTarget;
			buildConfigurationList = 9839FE470E2BB26400A16721 /* Build configuration list for PBXNativeTarget "vmmlib_lapack_test" */;
			buildPhases = (
				9839FE1C0E2BB24700A16721 /* Sources */,
				9839FE1D0E2BB24700A16721 /* Frameworks */,
			);
			buildRules = (
			);
			dependencies = (
			);
			name = vmmlib_lapack_test;
			productName = vmmlib_lapack_test;
			productReference = 9839FE1F0E2BB24700A16721 /* vmmlib_lapack_test */;
			productType = "com.apple.product-type.tool";
		};
		988F58770C22C1B90005AC92 /* VMMLibTest */ = {
			isa = PBXNativeTarget;
			buildConfigurationList = 988F587A0C22C1D70005AC92 /* Build configuration list for PBXNativeTarget "VMMLibTest" */;
			buildPhases = (
				988F58750C22C1B90005AC92 /* Sources */,
				988F58760C22C1B90005AC92 /* Frameworks */,
			);
			buildRules = (
			);
			dependencies = (
			);
			name = VMMLibTest;
			productName = VMMLibTest;
			productReference = 988F58780C22C1B90005AC92 /* VMMLibTest */;
			productType = "com.apple.product-type.tool";
		};
		98B7A2480E24C85C0064264E /* vmmlib_performance_tests */ = {
			isa = PBXNativeTarget;
			buildConfigurationList = 98B7A24E0E24C8750064264E /* Build configuration list for PBXNativeTarget "vmmlib_performance_tests" */;
			buildPhases = (
				98B7A2460E24C85C0064264E /* Sources */,
				98B7A2470E24C85C0064264E /* Frameworks */,
			);
			buildRules = (
			);
			dependencies = (
			);
			name = vmmlib_performance_tests;
			productName = vmmlib_performance_tests;
			productReference = 98B7A2490E24C85C0064264E /* vmmlib_performance_tests */;
			productType = "com.apple.product-type.tool";
		};
		98E8636F0E8005B10004F396 /* vmmlib */ = {
			isa = PBXNativeTarget;
			buildConfigurationList = 98E863740E8005B10004F396 /* Build configuration list for PBXNativeTarget "vmmlib" */;
			buildPhases = (
				98E8636B0E8005B10004F396 /* Headers */,
				98E8636C0E8005B10004F396 /* Resources */,
				98E8636D0E8005B10004F396 /* Sources */,
				98E8636E0E8005B10004F396 /* Frameworks */,
			);
			buildRules = (
			);
			dependencies = (
			);
			name = vmmlib;
			productName = vmmlib;
			productReference = 98E863700E8005B10004F396 /* vmmlib.framework */;
			productType = "com.apple.product-type.framework";
		};
		98FE7DC40E224E8700B1E17F /* vmmlib_unit_tests */ = {
			isa = PBXNativeTarget;
			buildConfigurationList = 98FE7DCA0E224E9800B1E17F /* Build configuration list for PBXNativeTarget "vmmlib_unit_tests" */;
			buildPhases = (
				98FE7DC20E224E8700B1E17F /* Sources */,
				98FE7DC30E224E8700B1E17F /* Frameworks */,
			);
			buildRules = (
			);
			dependencies = (
			);
			name = vmmlib_unit_tests;
			productName = vmmlib_unit_tests;
			productReference = 98FE7DC50E224E8700B1E17F /* vmmlib_unit_tests */;
			productType = "com.apple.product-type.tool";
		};
/* End PBXNativeTarget section */

/* Begin PBXProject section */
		0867D690FE84028FC02AAC07 /* Project object */ = {
			isa = PBXProject;
			buildConfigurationList = 1DEB91B108733DA50010E9CD /* Build configuration list for PBXProject "VMMLib" */;
			compatibilityVersion = "Xcode 2.4";
			hasScannedForEncodings = 1;
			mainGroup = 0867D691FE84028FC02AAC07 /* VMMLib */;
			productRefGroup = 034768DFFF38A50411DB9C8B /* Products */;
			projectDirPath = "";
			projectRoot = "";
			targets = (
				988F58770C22C1B90005AC92 /* VMMLibTest */,
				98FE7DC40E224E8700B1E17F /* vmmlib_unit_tests */,
				98B7A2480E24C85C0064264E /* vmmlib_performance_tests */,
				9839FE1E0E2BB24700A16721 /* vmmlib_lapack_test */,
				98E8636F0E8005B10004F396 /* vmmlib */,
			);
		};
/* End PBXProject section */

/* Begin PBXResourcesBuildPhase section */
		98E8636C0E8005B10004F396 /* Resources */ = {
			isa = PBXResourcesBuildPhase;
			buildActionMask = 2147483647;
			files = (
			);
			runOnlyForDeploymentPostprocessing = 0;
		};
/* End PBXResourcesBuildPhase section */

/* Begin PBXSourcesBuildPhase section */
		9839FE1C0E2BB24700A16721 /* Sources */ = {
			isa = PBXSourcesBuildPhase;
			buildActionMask = 2147483647;
			files = (
				9839FE5E0E2BB5B300A16721 /* vmmlib_lapack_main.cpp in Sources */,
				9839FEF80E2BC67400A16721 /* svd_lapack_vs_old.cpp in Sources */,
				9839FF000E2BC75D00A16721 /* performance_test.cpp in Sources */,
				9839FF020E2BC76600A16721 /* timer.cpp in Sources */,
				98D402D60E38D6A000B24DF1 /* quaternion_test.cpp in Sources */,
				98244A330E3F5A5E0018E13A /* unit_test.cpp in Sources */,
				98244A3F0E3F5AEE0018E13A /* lapack_svd_test.cpp in Sources */,
				98244A400E3F5AEE0018E13A /* lapack_linear_least_squares_test.cpp in Sources */,
			);
			runOnlyForDeploymentPostprocessing = 0;
		};
		988F58750C22C1B90005AC92 /* Sources */ = {
			isa = PBXSourcesBuildPhase;
			buildActionMask = 2147483647;
			files = (
				988F587F0C22C1F10005AC92 /* main_test.cpp in Sources */,
				988F58800C22C1F10005AC92 /* Vector2Test.cpp in Sources */,
				988F58810C22C1F10005AC92 /* Vector3Test.cpp in Sources */,
				988F58820C22C1F10005AC92 /* Vector4Test.cpp in Sources */,
				988F58830C22C1F10005AC92 /* Matrix3Test.cpp in Sources */,
				988F58840C22C1F10005AC92 /* Matrix4Test.cpp in Sources */,
				988F58850C22C1F10005AC92 /* QuaternionTest.cpp in Sources */,
				988F58860C22C1F10005AC92 /* JacobiSolverTest.cpp in Sources */,
				988F58870C22C1F10005AC92 /* SVDTest.cpp in Sources */,
			);
			runOnlyForDeploymentPostprocessing = 0;
		};
		98B7A2460E24C85C0064264E /* Sources */ = {
			isa = PBXSourcesBuildPhase;
			buildActionMask = 2147483647;
			files = (
				98B7A2540E24C8F40064264E /* vmmlib_performance_tests_main.cpp in Sources */,
				98B7A2570E24C9540064264E /* timer.cpp in Sources */,
				98B7A26A0E24CB140064264E /* performance_test.cpp in Sources */,
				98B7A2A50E24DF910064264E /* matrix_compare_perf_test.cpp in Sources */,
				986834C20E24FFD400618F55 /* vector_test.cpp in Sources */,
				9839FA250E2B5BBB00A16721 /* svd_test.cpp in Sources */,
				98FAB2960E30CDF400C1A8FC /* unit_test.cpp in Sources */,
				98D402D80E38D6A000B24DF1 /* quaternion_test.cpp in Sources */,
				98244A430E3F5AEE0018E13A /* lapack_svd_test.cpp in Sources */,
				98244A440E3F5AEE0018E13A /* lapack_linear_least_squares_test.cpp in Sources */,
			);
			runOnlyForDeploymentPostprocessing = 0;
		};
		98E8636D0E8005B10004F396 /* Sources */ = {
			isa = PBXSourcesBuildPhase;
			buildActionMask = 2147483647;
			files = (
			);
			runOnlyForDeploymentPostprocessing = 0;
		};
		98FE7DC20E224E8700B1E17F /* Sources */ = {
			isa = PBXSourcesBuildPhase;
			buildActionMask = 2147483647;
			files = (
				98FE7DCF0E224EC400B1E17F /* unit_test.cpp in Sources */,
				98F5563A0E24377F0044BA3E /* matrix_test.cpp in Sources */,
				98F5563B0E24377F0044BA3E /* qr_decomposition_test.cpp in Sources */,
				98B7A2520E24C8E70064264E /* vmmlib_unit_tests_main.cpp in Sources */,
				986834C10E24FFD400618F55 /* vector_test.cpp in Sources */,
				9839FA240E2B5BBB00A16721 /* svd_test.cpp in Sources */,
				98D402D70E38D6A000B24DF1 /* quaternion_test.cpp in Sources */,
				98244A410E3F5AEE0018E13A /* lapack_svd_test.cpp in Sources */,
				98244A420E3F5AEE0018E13A /* lapack_linear_least_squares_test.cpp in Sources */,
			);
			runOnlyForDeploymentPostprocessing = 0;
		};
/* End PBXSourcesBuildPhase section */

/* Begin PBXVariantGroup section */
		089C1666FE841158C02AAC07 /* InfoPlist.strings */ = {
			isa = PBXVariantGroup;
			children = (
				089C1667FE841158C02AAC07 /* English */,
			);
			name = InfoPlist.strings;
			sourceTree = "<group>";
		};
/* End PBXVariantGroup section */

/* Begin XCBuildConfiguration section */
		1DEB91B208733DA50010E9CD /* Debug */ = {
			isa = XCBuildConfiguration;
			buildSettings = {
				ARCHS = (
					ppc,
					ppc64,
					i386,
					x86_64,
				);
				GCC_WARN_ABOUT_RETURN_TYPE = YES;
				GCC_WARN_UNUSED_VARIABLE = YES;
				PREBINDING = NO;
				SDKROOT = /Developer/SDKs/MacOSX10.4u.sdk;
				USER_HEADER_SEARCH_PATHS = "$(SRCROOT)/include";
			};
			name = Debug;
		};
		1DEB91B308733DA50010E9CD /* Release */ = {
			isa = XCBuildConfiguration;
			buildSettings = {
				ARCHS = (
					ppc,
					ppc64,
					i386,
					x86_64,
				);
				GCC_OPTIMIZATION_LEVEL = 3;
				GCC_WARN_ABOUT_RETURN_TYPE = YES;
				GCC_WARN_UNUSED_VARIABLE = YES;
				PREBINDING = NO;
				SDKROOT = /Developer/SDKs/MacOSX10.4u.sdk;
				USER_HEADER_SEARCH_PATHS = "$(SRCROOT)/include";
			};
			name = Release;
		};
		9839FE210E2BB24800A16721 /* Debug */ = {
			isa = XCBuildConfiguration;
			buildSettings = {
				COPY_PHASE_STRIP = NO;
				GCC_DYNAMIC_NO_PIC = NO;
				GCC_ENABLE_FIX_AND_CONTINUE = YES;
				GCC_MODEL_TUNING = G5;
				GCC_OPTIMIZATION_LEVEL = 0;
				GCC_PREPROCESSOR_DEFINITIONS = VMMLIB_NO_TYPEDEFS;
				INSTALL_PATH = /usr/local/bin;
				PREBINDING = NO;
				PRODUCT_NAME = vmmlib_lapack_test;
				ZERO_LINK = YES;
			};
			name = Debug;
		};
		9839FE220E2BB24800A16721 /* Release */ = {
			isa = XCBuildConfiguration;
			buildSettings = {
				COPY_PHASE_STRIP = YES;
				DEBUG_INFORMATION_FORMAT = "dwarf-with-dsym";
				GCC_ENABLE_FIX_AND_CONTINUE = NO;
				GCC_MODEL_TUNING = G5;
				GCC_OPTIMIZATION_LEVEL = 3;
				GCC_PREPROCESSOR_DEFINITIONS = VMMLIB_NO_TYPEDEFS;
				INSTALL_PATH = /usr/local/bin;
				OTHER_CFLAGS = "";
				PREBINDING = NO;
				PRODUCT_NAME = vmmlib_lapack_test;
				ZERO_LINK = NO;
			};
			name = Release;
		};
		988F587B0C22C1D70005AC92 /* Debug */ = {
			isa = XCBuildConfiguration;
			buildSettings = {
				COPY_PHASE_STRIP = NO;
				GCC_DYNAMIC_NO_PIC = NO;
				GCC_ENABLE_FIX_AND_CONTINUE = YES;
				GCC_GENERATE_DEBUGGING_SYMBOLS = YES;
				GCC_MODEL_TUNING = G5;
				GCC_OPTIMIZATION_LEVEL = 0;
				INSTALL_PATH = "$(HOME)/bin";
				PREBINDING = NO;
				PRODUCT_NAME = VMMLibTest;
				ZERO_LINK = YES;
			};
			name = Debug;
		};
		988F587C0C22C1D70005AC92 /* Release */ = {
			isa = XCBuildConfiguration;
			buildSettings = {
				COPY_PHASE_STRIP = YES;
				GCC_ENABLE_FIX_AND_CONTINUE = NO;
				GCC_GENERATE_DEBUGGING_SYMBOLS = NO;
				GCC_MODEL_TUNING = G5;
				INSTALL_PATH = "$(HOME)/bin";
				PREBINDING = NO;
				PRODUCT_NAME = VMMLibTest;
				ZERO_LINK = NO;
			};
			name = Release;
		};
		98B7A24B0E24C85C0064264E /* Debug */ = {
			isa = XCBuildConfiguration;
			buildSettings = {
				COPY_PHASE_STRIP = NO;
				GCC_DYNAMIC_NO_PIC = NO;
				GCC_ENABLE_FIX_AND_CONTINUE = YES;
				GCC_MODEL_TUNING = G5;
				GCC_OPTIMIZATION_LEVEL = 0;
				GCC_PREPROCESSOR_DEFINITIONS = VMMLIB_NO_TYPEDEFS;
				INSTALL_PATH = /usr/local/bin;
				PREBINDING = NO;
				PRODUCT_NAME = vmmlib_performance_tests;
				ZERO_LINK = YES;
			};
			name = Debug;
		};
		98B7A24C0E24C85C0064264E /* Release */ = {
			isa = XCBuildConfiguration;
			buildSettings = {
				COPY_PHASE_STRIP = YES;
				DEBUG_INFORMATION_FORMAT = "dwarf-with-dsym";
				GCC_ENABLE_FIX_AND_CONTINUE = NO;
				GCC_MODEL_TUNING = G5;
				GCC_PREPROCESSOR_DEFINITIONS = VMMLIB_NO_TYPEDEFS;
				INSTALL_PATH = /usr/local/bin;
				OTHER_CFLAGS = "-DNDEBUG";
				PREBINDING = NO;
				PRODUCT_NAME = vmmlib_performance_tests;
				ZERO_LINK = NO;
			};
			name = Release;
		};
		98E863720E8005B10004F396 /* Debug */ = {
			isa = XCBuildConfiguration;
			buildSettings = {
				ALWAYS_SEARCH_USER_PATHS = NO;
				COPY_PHASE_STRIP = NO;
				DYLIB_COMPATIBILITY_VERSION = 1;
				DYLIB_CURRENT_VERSION = 1;
				FRAMEWORK_VERSION = A;
				GCC_DYNAMIC_NO_PIC = NO;
				GCC_ENABLE_FIX_AND_CONTINUE = YES;
				GCC_MODEL_TUNING = G5;
				GCC_OPTIMIZATION_LEVEL = 0;
				GCC_PRECOMPILE_PREFIX_HEADER = YES;
				GCC_PREFIX_HEADER = "$(SYSTEM_LIBRARY_DIR)/Frameworks/Carbon.framework/Headers/Carbon.h";
				INFOPLIST_FILE = "vmmlib-Info.plist";
				INSTALL_PATH = "@executable_path/../Frameworks/";
				OTHER_LDFLAGS = (
					"-framework",
					Carbon,
				);
				PREBINDING = NO;
				PRODUCT_NAME = vmmlib;
			};
			name = Debug;
		};
		98E863730E8005B10004F396 /* Release */ = {
			isa = XCBuildConfiguration;
			buildSettings = {
				ALWAYS_SEARCH_USER_PATHS = NO;
				COPY_PHASE_STRIP = YES;
				DEBUG_INFORMATION_FORMAT = "dwarf-with-dsym";
				DYLIB_COMPATIBILITY_VERSION = 1;
				DYLIB_CURRENT_VERSION = 1;
				FRAMEWORK_VERSION = A;
				GCC_ENABLE_FIX_AND_CONTINUE = NO;
				GCC_MODEL_TUNING = G5;
				GCC_PRECOMPILE_PREFIX_HEADER = YES;
				GCC_PREFIX_HEADER = "$(SYSTEM_LIBRARY_DIR)/Frameworks/Carbon.framework/Headers/Carbon.h";
				INFOPLIST_FILE = "vmmlib-Info.plist";
				INSTALL_PATH = "@executable_path/../Frameworks/";
				OTHER_LDFLAGS = (
					"-framework",
					Carbon,
				);
				PREBINDING = NO;
				PRODUCT_NAME = vmmlib;
				ZERO_LINK = NO;
			};
			name = Release;
		};
		98FE7DC70E224E8800B1E17F /* Debug */ = {
			isa = XCBuildConfiguration;
			buildSettings = {
				ARCHS = "$(NATIVE_ARCH)";
				COPY_PHASE_STRIP = NO;
				GCC_DYNAMIC_NO_PIC = NO;
				GCC_ENABLE_FIX_AND_CONTINUE = YES;
				GCC_MODEL_TUNING = G5;
				GCC_OPTIMIZATION_LEVEL = 0;
				GCC_PREPROCESSOR_DEFINITIONS = VMMLIB_NO_TYPEDEFS;
				INSTALL_PATH = /usr/local/bin;
				ONLY_ACTIVE_ARCH = YES;
				PREBINDING = NO;
				PRODUCT_NAME = vmmlib_unit_tests;
				ZERO_LINK = YES;
			};
			name = Debug;
		};
		98FE7DC80E224E8800B1E17F /* Release */ = {
			isa = XCBuildConfiguration;
			buildSettings = {
				ARCHS = "$(NATIVE_ARCH)";
				COPY_PHASE_STRIP = YES;
				DEBUG_INFORMATION_FORMAT = "dwarf-with-dsym";
				GCC_ENABLE_FIX_AND_CONTINUE = NO;
				GCC_MODEL_TUNING = G5;
				GCC_PREPROCESSOR_DEFINITIONS = VMMLIB_NO_TYPEDEFS;
				INSTALL_PATH = /usr/local/bin;
				ONLY_ACTIVE_ARCH = YES;
				PREBINDING = NO;
				PRODUCT_NAME = vmmlib_unit_tests;
				ZERO_LINK = NO;
			};
			name = Release;
		};
/* End XCBuildConfiguration section */

/* Begin XCConfigurationList section */
		1DEB91B108733DA50010E9CD /* Build configuration list for PBXProject "VMMLib" */ = {
			isa = XCConfigurationList;
			buildConfigurations = (
				1DEB91B208733DA50010E9CD /* Debug */,
				1DEB91B308733DA50010E9CD /* Release */,
			);
			defaultConfigurationIsVisible = 0;
			defaultConfigurationName = Release;
		};
		9839FE470E2BB26400A16721 /* Build configuration list for PBXNativeTarget "vmmlib_lapack_test" */ = {
			isa = XCConfigurationList;
			buildConfigurations = (
				9839FE210E2BB24800A16721 /* Debug */,
				9839FE220E2BB24800A16721 /* Release */,
			);
			defaultConfigurationIsVisible = 0;
			defaultConfigurationName = Release;
		};
		988F587A0C22C1D70005AC92 /* Build configuration list for PBXNativeTarget "VMMLibTest" */ = {
			isa = XCConfigurationList;
			buildConfigurations = (
				988F587B0C22C1D70005AC92 /* Debug */,
				988F587C0C22C1D70005AC92 /* Release */,
			);
			defaultConfigurationIsVisible = 0;
			defaultConfigurationName = Release;
		};
		98B7A24E0E24C8750064264E /* Build configuration list for PBXNativeTarget "vmmlib_performance_tests" */ = {
			isa = XCConfigurationList;
			buildConfigurations = (
				98B7A24B0E24C85C0064264E /* Debug */,
				98B7A24C0E24C85C0064264E /* Release */,
			);
			defaultConfigurationIsVisible = 0;
			defaultConfigurationName = Release;
		};
		98E863740E8005B10004F396 /* Build configuration list for PBXNativeTarget "vmmlib" */ = {
			isa = XCConfigurationList;
			buildConfigurations = (
				98E863720E8005B10004F396 /* Debug */,
				98E863730E8005B10004F396 /* Release */,
			);
			defaultConfigurationIsVisible = 0;
			defaultConfigurationName = Release;
		};
		98FE7DCA0E224E9800B1E17F /* Build configuration list for PBXNativeTarget "vmmlib_unit_tests" */ = {
			isa = XCConfigurationList;
			buildConfigurations = (
				98FE7DC70E224E8800B1E17F /* Debug */,
				98FE7DC80E224E8800B1E17F /* Release */,
			);
			defaultConfigurationIsVisible = 0;
			defaultConfigurationName = Release;
		};
/* End XCConfigurationList section */
	};
	rootObject = 0867D690FE84028FC02AAC07 /* Project object */;
}
