
Microsoft Visual Studio Solution File, Format Version 11.00
# Visual C# Express 2010
Project("{FAE04EC0-301F-11D3-BF4B-00C04F79EFBC}") = "ClipperCSharpDemo1", "demo1\ClipperCSharpDemo1.csproj", "{8BD44147-3290-4A73-BAA2-1C171566BC25}"
EndProject
Project("{FAE04EC0-301F-11D3-BF4B-00C04F79EFBC}") = "clipper", "clipper_library\clipper.csproj", "{4E74771D-BFE8-40D6-AF62-B561B497093A}"
EndProject
Global
	GlobalSection(SolutionConfigurationPlatforms) = preSolution
		Debug|Any CPU = Debug|Any CPU
		Debug|Mixed Platforms = Debug|Mixed Platforms
		Debug|x86 = Debug|x86
		Release|Any CPU = Release|Any CPU
		Release|Mixed Platforms = Release|Mixed Platforms
		Release|x86 = Release|x86
	EndGlobalSection
	GlobalSection(ProjectConfigurationPlatforms) = postSolution
		{8BD44147-3290-4A73-BAA2-1C171566BC25}.Debug|Any CPU.ActiveCfg = Debug|x86
		{8BD44147-3290-4A73-BAA2-1C171566BC25}.Debug|Mixed Platforms.ActiveCfg = Debug|x86
		{8BD44147-3290-4A73-BAA2-1C171566BC25}.Debug|Mixed Platforms.Build.0 = Debug|x86
		{8BD44147-3290-4A73-BAA2-1C171566BC25}.Debug|x86.ActiveCfg = Debug|x86
		{8BD44147-3290-4A73-BAA2-1C171566BC25}.Debug|x86.Build.0 = Debug|x86
		{8BD44147-3290-4A73-BAA2-1C171566BC25}.Release|Any CPU.ActiveCfg = Release|x86
		{8BD44147-3290-4A73-BAA2-1C171566BC25}.Release|Mixed Platforms.ActiveCfg = Release|x86
		{8BD44147-3290-4A73-BAA2-1C171566BC25}.Release|Mixed Platforms.Build.0 = Release|x86
		{8BD44147-3290-4A73-BAA2-1C171566BC25}.Release|x86.ActiveCfg = Release|x86
		{8BD44147-3290-4A73-BAA2-1C171566BC25}.Release|x86.Build.0 = Release|x86
		{4E74771D-BFE8-40D6-AF62-B561B497093A}.Debug|Any CPU.ActiveCfg = Debug|x86
		{4E74771D-BFE8-40D6-AF62-B561B497093A}.Debug|Mixed Platforms.ActiveCfg = Debug|x86
		{4E74771D-BFE8-40D6-AF62-B561B497093A}.Debug|Mixed Platforms.Build.0 = Debug|x86
		{4E74771D-BFE8-40D6-AF62-B561B497093A}.Debug|x86.ActiveCfg = Debug|x86
		{4E74771D-BFE8-40D6-AF62-B561B497093A}.Debug|x86.Build.0 = Debug|x86
		{4E74771D-BFE8-40D6-AF62-B561B497093A}.Release|Any CPU.ActiveCfg = Release|x86
		{4E74771D-BFE8-40D6-AF62-B561B497093A}.Release|Mixed Platforms.ActiveCfg = Release|x86
		{4E74771D-BFE8-40D6-AF62-B561B497093A}.Release|Mixed Platforms.Build.0 = Release|x86
		{4E74771D-BFE8-40D6-AF62-B561B497093A}.Release|x86.ActiveCfg = Release|x86
		{4E74771D-BFE8-40D6-AF62-B561B497093A}.Release|x86.Build.0 = Release|x86
	EndGlobalSection
	GlobalSection(SolutionProperties) = preSolution
		HideSolutionNode = FALSE
	EndGlobalSection
EndGlobal
